# @generated by Move, please check-in and do not edit manually.

[move]
version = 3
manifest_digest = "66C83D049C48D664731FF362493DA632D2BE220F25896F1EAF699BDEC084F2D3"
deps_digest = "F8BBB0CCB2491CA29A3DF03D6F92277A4F3574266507ACD77214D37ECA3F3082"
dependencies = [
  { id = "Sui", name = "Sui" },
]

[[move.package]]
id = "MoveStdlib"
source = { git = "https://github.com/MystenLabs/sui.git", rev = "main", subdir = "crates/sui-framework/packages/move-stdlib" }

[[move.package]]
id = "Sui"
source = { git = "https://github.com/MystenLabs/sui.git", rev = "main", subdir = "crates/sui-framework/packages/sui-framework" }

dependencies = [
  { id = "MoveStdlib", name = "MoveStdlib" },
]

[move.toolchain-version]
compiler-version = "1.44.2"
edition = "2024.beta"
flavor = "sui"

[env]

[env.testnet]
chain-id = "4c78adac"
original-published-id = "0x1cf7f65c9d481543207c19daca84492c52002f6397143fe0c73f48a1a6954d9f"
latest-published-id = "0x1cf7f65c9d481543207c19daca84492c52002f6397143fe0c73f48a1a6954d9f"
published-version = "1"
